
Microsoft Visual Studio Solution File, Format Version 12.00
# Visual Studio Version 17
VisualStudioVersion = 17.4.33122.133
MinimumVisualStudioVersion = 10.0.40219.1
Project("{FAE04EC0-301F-11D3-BF4B-00C04F79EFBC}") = "Music_projekt_c", "Music_projekt_c\Music_projekt_c.csproj", "{287A5BB0-F7AC-45B6-BF5D-AD2DC16B94A0}"
EndProject
Global
	GlobalSection(SolutionConfigurationPlatforms) = preSolution
		Debug|Any CPU = Debug|Any CPU
		Release|Any CPU = Release|Any CPU
	EndGlobalSection
	GlobalSection(ProjectConfigurationPlatforms) = postSolution
		{287A5BB0-F7AC-45B6-BF5D-AD2DC16B94A0}.Debug|Any CPU.ActiveCfg = Debug|Any CPU
		{287A5BB0-F7AC-45B6-BF5D-AD2DC16B94A0}.Debug|Any CPU.Build.0 = Debug|Any CPU
		{287A5BB0-F7AC-45B6-BF5D-AD2DC16B94A0}.Release|Any CPU.ActiveCfg = Release|Any CPU
		{287A5BB0-F7AC-45B6-BF5D-AD2DC16B94A0}.Release|Any CPU.Build.0 = Release|Any CPU
	EndGlobalSection
	GlobalSection(SolutionProperties) = preSolution
		HideSolutionNode = FALSE
	EndGlobalSection
	GlobalSection(ExtensibilityGlobals) = postSolution
		SolutionGuid = {9A700F42-EE99-486D-ACF6-468C6EF8F45C}
	EndGlobalSection
EndGlobal
